
Microsoft Visual Studio Solution File, Format Version 12.00
# Visual Studio Version 17
VisualStudioVersion = 17.0.31825.309
MinimumVisualStudioVersion = 10.0.40219.1
Project("{9A19103F-16F7-4668-BE54-9A1E7A4F7556}") = "test-santa-api", "FunctionsAPI\test-santa-api.csproj", "{53CEF039-82CF-4A39-A3EF-05DDBEF2A178}"
EndProject
Project("{9A19103F-16F7-4668-BE54-9A1E7A4F7556}") = "Generator", "Generator\Generator.csproj", "{159C6BC1-73AB-4FF8-A7DB-5E8B8D4D9F53}"
EndProject
Global
	GlobalSection(SolutionConfigurationPlatforms) = preSolution
		Debug|Any CPU = Debug|Any CPU
		Release|Any CPU = Release|Any CPU
	EndGlobalSection
	GlobalSection(ProjectConfigurationPlatforms) = postSolution
		{53CEF039-82CF-4A39-A3EF-05DDBEF2A178}.Debug|Any CPU.ActiveCfg = Debug|Any CPU
		{53CEF039-82CF-4A39-A3EF-05DDBEF2A178}.Debug|Any CPU.Build.0 = Debug|Any CPU
		{53CEF039-82CF-4A39-A3EF-05DDBEF2A178}.Release|Any CPU.ActiveCfg = Release|Any CPU
		{53CEF039-82CF-4A39-A3EF-05DDBEF2A178}.Release|Any CPU.Build.0 = Release|Any CPU
		{159C6BC1-73AB-4FF8-A7DB-5E8B8D4D9F53}.Debug|Any CPU.ActiveCfg = Debug|Any CPU
		{159C6BC1-73AB-4FF8-A7DB-5E8B8D4D9F53}.Debug|Any CPU.Build.0 = Debug|Any CPU
		{159C6BC1-73AB-4FF8-A7DB-5E8B8D4D9F53}.Release|Any CPU.ActiveCfg = Release|Any CPU
		{159C6BC1-73AB-4FF8-A7DB-5E8B8D4D9F53}.Release|Any CPU.Build.0 = Release|Any CPU
	EndGlobalSection
	GlobalSection(SolutionProperties) = preSolution
		HideSolutionNode = FALSE
	EndGlobalSection
	GlobalSection(ExtensibilityGlobals) = postSolution
		SolutionGuid = {6FE38CEB-2879-4865-BC74-66C0D69502B6}
	EndGlobalSection
EndGlobal
